
Microsoft Visual Studio Solution File, Format Version 12.00
# Visual Studio Version 16
VisualStudioVersion = 16.0.31205.134
MinimumVisualStudioVersion = 10.0.40219.1
Project("{9A19103F-16F7-4668-BE54-9A1E7A4F7556}") = "crud-progressao-client", "crud-progressao-client\crud-progressao-client.csproj", "{8EA62212-F1C8-4AE4-83B1-A7C8AF049A0C}"
EndProject
Global
	GlobalSection(SolutionConfigurationPlatforms) = preSolution
		Debug|Any CPU = Debug|Any CPU
		Release|Any CPU = Release|Any CPU
	EndGlobalSection
	GlobalSection(ProjectConfigurationPlatforms) = postSolution
		{8EA62212-F1C8-4AE4-83B1-A7C8AF049A0C}.Debug|Any CPU.ActiveCfg = Debug|Any CPU
		{8EA62212-F1C8-4AE4-83B1-A7C8AF049A0C}.Debug|Any CPU.Build.0 = Debug|Any CPU
		{8EA62212-F1C8-4AE4-83B1-A7C8AF049A0C}.Release|Any CPU.ActiveCfg = Release|Any CPU
		{8EA62212-F1C8-4AE4-83B1-A7C8AF049A0C}.Release|Any CPU.Build.0 = Release|Any CPU
	EndGlobalSection
	GlobalSection(SolutionProperties) = preSolution
		HideSolutionNode = FALSE
	EndGlobalSection
	GlobalSection(ExtensibilityGlobals) = postSolution
		SolutionGuid = {F91B5279-6100-4883-944D-FB151C4D66B3}
	EndGlobalSection
EndGlobal
